{
  "name": "markdown-heading-extractor",
  "version": "1.0.0",
  "lockfileVersion": 3,
  "requires": true,
  "packages": {
    "": {
      "name": "markdown-heading-extractor",
      "version": "1.0.0",
      "bin": {
        "markdown-headings": "bin/markdown-headings.js"
      },
      "engines": {
        "node": ">=18"
      }
    }
  }
}
